
Microsoft Visual Studio Solution File, Format Version 12.00
# Visual Studio 14
VisualStudioVersion = 14.0.25123.0
MinimumVisualStudioVersion = 10.0.40219.1
Project("{FAE04EC0-301F-11D3-BF4B-00C04F79EFBC}") = "SamApi", "SamApi\SamApi.csproj", "{91E25211-1B3A-4892-BA13-EA4D81FB2779}"
EndProject
Project("{FAE04EC0-301F-11D3-BF4B-00C04F79EFBC}") = "SamDataBase", "SamDataBase\SamDataBase.csproj", "{F725223A-3F2F-4120-9816-B9DE104D6715}"
EndProject
Project("{FAE04EC0-301F-11D3-BF4B-00C04F79EFBC}") = "SamModels", "SamApiModels\SamModels.csproj", "{776689B3-741D-4E4D-A8B4-873DB0925D80}"
EndProject
Project("{FAE04EC0-301F-11D3-BF4B-00C04F79EFBC}") = "SamServices", "SamServices\SamServices.csproj", "{E01C138E-B7A0-49E6-AE91-71B84946254D}"
EndProject
Project("{FAE04EC0-301F-11D3-BF4B-00C04F79EFBC}") = "SamHelpers", "SamHelpers\SamHelpers.csproj", "{FFAAC7D0-BAE2-46DE-876C-2D078046B1AA}"
EndProject
Project("{FAE04EC0-301F-11D3-BF4B-00C04F79EFBC}") = "MessageSystem", "MessageSystem\MessageSystem.csproj", "{6749F4D1-74D1-45A6-816A-3EB76DAB37F8}"
EndProject
Global
	GlobalSection(SolutionConfigurationPlatforms) = preSolution
		Debug|Any CPU = Debug|Any CPU
		Release|Any CPU = Release|Any CPU
	EndGlobalSection
	GlobalSection(ProjectConfigurationPlatforms) = postSolution
		{91E25211-1B3A-4892-BA13-EA4D81FB2779}.Debug|Any CPU.ActiveCfg = Debug|Any CPU
		{91E25211-1B3A-4892-BA13-EA4D81FB2779}.Debug|Any CPU.Build.0 = Debug|Any CPU
		{91E25211-1B3A-4892-BA13-EA4D81FB2779}.Release|Any CPU.ActiveCfg = Release|Any CPU
		{91E25211-1B3A-4892-BA13-EA4D81FB2779}.Release|Any CPU.Build.0 = Release|Any CPU
		{F725223A-3F2F-4120-9816-B9DE104D6715}.Debug|Any CPU.ActiveCfg = Debug|Any CPU
		{F725223A-3F2F-4120-9816-B9DE104D6715}.Debug|Any CPU.Build.0 = Debug|Any CPU
		{F725223A-3F2F-4120-9816-B9DE104D6715}.Release|Any CPU.ActiveCfg = Release|Any CPU
		{F725223A-3F2F-4120-9816-B9DE104D6715}.Release|Any CPU.Build.0 = Release|Any CPU
		{776689B3-741D-4E4D-A8B4-873DB0925D80}.Debug|Any CPU.ActiveCfg = Debug|Any CPU
		{776689B3-741D-4E4D-A8B4-873DB0925D80}.Debug|Any CPU.Build.0 = Debug|Any CPU
		{776689B3-741D-4E4D-A8B4-873DB0925D80}.Release|Any CPU.ActiveCfg = Release|Any CPU
		{776689B3-741D-4E4D-A8B4-873DB0925D80}.Release|Any CPU.Build.0 = Release|Any CPU
		{E01C138E-B7A0-49E6-AE91-71B84946254D}.Debug|Any CPU.ActiveCfg = Debug|Any CPU
		{E01C138E-B7A0-49E6-AE91-71B84946254D}.Debug|Any CPU.Build.0 = Debug|Any CPU
		{E01C138E-B7A0-49E6-AE91-71B84946254D}.Release|Any CPU.ActiveCfg = Release|Any CPU
		{E01C138E-B7A0-49E6-AE91-71B84946254D}.Release|Any CPU.Build.0 = Release|Any CPU
		{FFAAC7D0-BAE2-46DE-876C-2D078046B1AA}.Debug|Any CPU.ActiveCfg = Debug|Any CPU
		{FFAAC7D0-BAE2-46DE-876C-2D078046B1AA}.Debug|Any CPU.Build.0 = Debug|Any CPU
		{FFAAC7D0-BAE2-46DE-876C-2D078046B1AA}.Release|Any CPU.ActiveCfg = Release|Any CPU
		{FFAAC7D0-BAE2-46DE-876C-2D078046B1AA}.Release|Any CPU.Build.0 = Release|Any CPU
		{6749F4D1-74D1-45A6-816A-3EB76DAB37F8}.Debug|Any CPU.ActiveCfg = Debug|Any CPU
		{6749F4D1-74D1-45A6-816A-3EB76DAB37F8}.Debug|Any CPU.Build.0 = Debug|Any CPU
		{6749F4D1-74D1-45A6-816A-3EB76DAB37F8}.Release|Any CPU.ActiveCfg = Release|Any CPU
		{6749F4D1-74D1-45A6-816A-3EB76DAB37F8}.Release|Any CPU.Build.0 = Release|Any CPU
	EndGlobalSection
	GlobalSection(SolutionProperties) = preSolution
		HideSolutionNode = FALSE
	EndGlobalSection
EndGlobal
